
Microsoft Visual Studio Solution File, Format Version 12.00
# Visual Studio 14
VisualStudioVersion = 14.0.25420.1
MinimumVisualStudioVersion = 10.0.40219.1
Project("{FAE04EC0-301F-11D3-BF4B-00C04F79EFBC}") = "Tools_Starfield", "Tools_Starfield\Tools_Starfield\Tools_Starfield.csproj", "{8157ACF8-62A9-42B9-85A7-FDAD0F68F9E8}"
EndProject
Project("{96E2B04D-8817-42C6-938A-82C39BA4D311}") = "Tools_StarfieldContent", "Tools_Starfield\Tools_StarfieldContent\Tools_StarfieldContent.contentproj", "{2E12BA44-85E6-43A3-9AAE-073545817B9C}"
EndProject
Global
	GlobalSection(SolutionConfigurationPlatforms) = preSolution
		Debug|x86 = Debug|x86
		Release|x86 = Release|x86
	EndGlobalSection
	GlobalSection(ProjectConfigurationPlatforms) = postSolution
		{8157ACF8-62A9-42B9-85A7-FDAD0F68F9E8}.Debug|x86.ActiveCfg = Debug|x86
		{8157ACF8-62A9-42B9-85A7-FDAD0F68F9E8}.Debug|x86.Build.0 = Debug|x86
		{8157ACF8-62A9-42B9-85A7-FDAD0F68F9E8}.Release|x86.ActiveCfg = Release|x86
		{8157ACF8-62A9-42B9-85A7-FDAD0F68F9E8}.Release|x86.Build.0 = Release|x86
		{2E12BA44-85E6-43A3-9AAE-073545817B9C}.Debug|x86.ActiveCfg = Debug|x86
		{2E12BA44-85E6-43A3-9AAE-073545817B9C}.Release|x86.ActiveCfg = Release|x86
	EndGlobalSection
	GlobalSection(SolutionProperties) = preSolution
		HideSolutionNode = FALSE
	EndGlobalSection
EndGlobal
